
Microsoft Visual Studio Solution File, Format Version 12.00
# Visual Studio Version 16
VisualStudioVersion = 16.0.29001.49
MinimumVisualStudioVersion = 10.0.40219.1
Project("{9A19103F-16F7-4668-BE54-9A1E7A4F7556}") = "DataAccess", "DataAccess\DataAccess.csproj", "{75CAD941-3563-40BA-958B-FAF767401804}"
EndProject
Project("{9A19103F-16F7-4668-BE54-9A1E7A4F7556}") = "BusinessLogic", "BusinessLogic\BusinessLogic.csproj", "{5459738E-2798-4547-8591-74B0BCC3C502}"
EndProject
Project("{FAE04EC0-301F-11D3-BF4B-00C04F79EFBC}") = "WebProject", "WebProject\WebProject.csproj", "{1C17BEBC-EE52-4914-B617-4378E20056B3}"
EndProject
Global
	GlobalSection(SolutionConfigurationPlatforms) = preSolution
		Debug|Any CPU = Debug|Any CPU
		Release|Any CPU = Release|Any CPU
	EndGlobalSection
	GlobalSection(ProjectConfigurationPlatforms) = postSolution
		{75CAD941-3563-40BA-958B-FAF767401804}.Debug|Any CPU.ActiveCfg = Debug|Any CPU
		{75CAD941-3563-40BA-958B-FAF767401804}.Debug|Any CPU.Build.0 = Debug|Any CPU
		{75CAD941-3563-40BA-958B-FAF767401804}.Release|Any CPU.ActiveCfg = Release|Any CPU
		{75CAD941-3563-40BA-958B-FAF767401804}.Release|Any CPU.Build.0 = Release|Any CPU
		{5459738E-2798-4547-8591-74B0BCC3C502}.Debug|Any CPU.ActiveCfg = Debug|Any CPU
		{5459738E-2798-4547-8591-74B0BCC3C502}.Debug|Any CPU.Build.0 = Debug|Any CPU
		{5459738E-2798-4547-8591-74B0BCC3C502}.Release|Any CPU.ActiveCfg = Release|Any CPU
		{5459738E-2798-4547-8591-74B0BCC3C502}.Release|Any CPU.Build.0 = Release|Any CPU
		{1C17BEBC-EE52-4914-B617-4378E20056B3}.Debug|Any CPU.ActiveCfg = Debug|Any CPU
		{1C17BEBC-EE52-4914-B617-4378E20056B3}.Debug|Any CPU.Build.0 = Debug|Any CPU
		{1C17BEBC-EE52-4914-B617-4378E20056B3}.Release|Any CPU.ActiveCfg = Release|Any CPU
		{1C17BEBC-EE52-4914-B617-4378E20056B3}.Release|Any CPU.Build.0 = Release|Any CPU
	EndGlobalSection
	GlobalSection(SolutionProperties) = preSolution
		HideSolutionNode = FALSE
	EndGlobalSection
	GlobalSection(ExtensibilityGlobals) = postSolution
		SolutionGuid = {9AC2E08B-4D34-4D2E-A6BF-281D57D5429C}
	EndGlobalSection
EndGlobal
